// !$*UTF8*$!
{
	archiveVersion = 1;
	classes = {
	};
	objectVersion = 50;
	objects = {

/* Begin PBXBuildFile section */
		E0EF52A4252278E5003213BE /* AppDelegate.swift in Sources */ = {isa = PBXBuildFile; fileRef = E0EF52A3252278E5003213BE /* AppDelegate.swift */; };
		E0EF52A6252278E5003213BE /* SceneDelegate.swift in Sources */ = {isa = PBXBuildFile; fileRef = E0EF52A5252278E5003213BE /* SceneDelegate.swift */; };
		E0EF52A8252278E5003213BE /* ViewController.swift in Sources */ = {isa = PBXBuildFile; fileRef = E0EF52A7252278E5003213BE /* ViewController.swift */; };
		E0EF52AB252278E5003213BE /* Main.storyboard in Resources */ = {isa = PBXBuildFile; fileRef = E0EF52A9252278E5003213BE /* Main.storyboard */; };
		E0EF52AD252278E9003213BE /* Assets.xcassets in Resources */ = {isa = PBXBuildFile; fileRef = E0EF52AC252278E9003213BE /* Assets.xcassets */; };
		E0EF52B0252278E9003213BE /* LaunchScreen.storyboard in Resources */ = {isa = PBXBuildFile; fileRef = E0EF52AE252278E9003213BE /* LaunchScreen.storyboard */; };
		E0EF52BB252278E9003213BE /* flixsterTests.swift in Sources */ = {isa = PBXBuildFile; fileRef = E0EF52BA252278E9003213BE /* flixsterTests.swift */; };
		E0EF52C6252278E9003213BE /* flixsterUITests.swift in Sources */ = {isa = PBXBuildFile; fileRef = E0EF52C5252278E9003213BE /* flixsterUITests.swift */; };
/* End PBXBuildFile section */

/* Begin PBXContainerItemProxy section */
		E0EF52B7252278E9003213BE /* PBXContainerItemProxy */ = {
			isa = PBXContainerItemProxy;
			containerPortal = E0EF5298252278E5003213BE /* Project object */;
			proxyType = 1;
			remoteGlobalIDString = E0EF529F252278E5003213BE;
			remoteInfo = flixster;
		};
		E0EF52C2252278E9003213BE /* PBXContainerItemProxy */ = {
			isa = PBXContainerItemProxy;
			containerPortal = E0EF5298252278E5003213BE /* Project object */;
			proxyType = 1;
			remoteGlobalIDString = E0EF529F252278E5003213BE;
			remoteInfo = flixster;
		};
/* End PBXContainerItemProxy section */

/* Begin PBXFileReference section */
		E0EF52A0252278E5003213BE /* flixster.app */ = {isa = PBXFileReference; explicitFileType = wrapper.application; includeInIndex = 0; path = flixster.app; sourceTree = BUILT_PRODUCTS_DIR; };
		E0EF52A3252278E5003213BE /* AppDelegate.swift */ = {isa = PBXFileReference; lastKnownFileType = sourcecode.swift; path = AppDelegate.swift; sourceTree = "<group>"; };
		E0EF52A5252278E5003213BE /* SceneDelegate.swift */ = {isa = PBXFileReference; lastKnownFileType = sourcecode.swift; path = SceneDelegate.swift; sourceTree = "<group>"; };
		E0EF52A7252278E5003213BE /* ViewController.swift */ = {isa = PBXFileReference; lastKnownFileType = sourcecode.swift; path = ViewController.swift; sourceTree = "<group>"; };
		E0EF52AA252278E5003213BE /* Base */ = {isa = PBXFileReference; lastKnownFileType = file.storyboard; name = Base; path = Base.lproj/Main.storyboard; sourceTree = "<group>"; };
		E0EF52AC252278E9003213BE /* Assets.xcassets */ = {isa = PBXFileReference; lastKnownFileType = folder.assetcatalog; path = Assets.xcassets; sourceTree = "<group>"; };
		E0EF52AF252278E9003213BE /* Base */ = {isa = PBXFileReference; lastKnownFileType = file.storyboard; name = Base; path = Base.lproj/LaunchScreen.storyboard; sourceTree = "<group>"; };
		E0EF52B1252278E9003213BE /* Info.plist */ = {isa = PBXFileReference; lastKnownFileType = text.plist.xml; path = Info.plist; sourceTree = "<group>"; };
		E0EF52B6252278E9003213BE /* flixsterTests.xctest */ = {isa = PBXFileReference; explicitFileType = wrapper.cfbundle; includeInIndex = 0; path = flixsterTests.xctest; sourceTree = BUILT_PRODUCTS_DIR; };
		E0EF52BA252278E9003213BE /* flixsterTests.swift */ = {isa = PBXFileReference; lastKnownFileType = sourcecode.swift; path = flixsterTests.swift; sourceTree = "<group>"; };
		E0EF52BC252278E9003213BE /* Info.plist */ = {isa = PBXFileReference; lastKnownFileType = text.plist.xml; path = Info.plist; sourceTree = "<group>"; };
		E0EF52C1252278E9003213BE /* flixsterUITests.xctest */ = {isa = PBXFileReference; explicitFileType = wrapper.cfbundle; includeInIndex = 0; path = flixsterUITests.xctest; sourceTree = BUILT_PRODUCTS_DIR; };
		E0EF52C5252278E9003213BE /* flixsterUITests.swift */ = {isa = PBXFileReference; lastKnownFileType = sourcecode.swift; path = flixsterUITests.swift; sourceTree = "<group>"; };
		E0EF52C7252278E9003213BE /* Info.plist */ = {isa = PBXFileReference; lastKnownFileType = text.plist.xml; path = Info.plist; sourceTree = "<group>"; };
/* End PBXFileReference section */

/* Begin PBXFrameworksBuildPhase section */
		E0EF529D252278E5003213BE /* Frameworks */ = {
			isa = PBXFrameworksBuildPhase;
			buildActionMask = 2147483647;
			files = (
			);
			runOnlyForDeploymentPostprocessing = 0;
		};
		E0EF52B3252278E9003213BE /* Frameworks */ = {
			isa = PBXFrameworksBuildPhase;
			buildActionMask = 2147483647;
			files = (
			);
			runOnlyForDeploymentPostprocessing = 0;
		};
		E0EF52BE252278E9003213BE /* Frameworks */ = {
			isa = PBXFrameworksBuildPhase;
			buildActionMask = 2147483647;
			files = (
			);
			runOnlyForDeploymentPostprocessing = 0;
		};
/* End PBXFrameworksBuildPhase section */

/* Begin PBXGroup section */
		E0EF5297252278E5003213BE = {
			isa = PBXGroup;
			children = (
				E0EF52A2252278E5003213BE /* flixster */,
				E0EF52B9252278E9003213BE /* flixsterTests */,
				E0EF52C4252278E9003213BE /* flixsterUITests */,
				E0EF52A1252278E5003213BE /* Products */,
			);
			sourceTree = "<group>";
		};
		E0EF52A1252278E5003213BE /* Products */ = {
			isa = PBXGroup;
			children = (
				E0EF52A0252278E5003213BE /* flixster.app */,
				E0EF52B6252278E9003213BE /* flixsterTests.xctest */,
				E0EF52C1252278E9003213BE /* flixsterUITests.xctest */,
			);
			name = Products;
			sourceTree = "<group>";
		};
		E0EF52A2252278E5003213BE /* flixster */ = {
			isa = PBXGroup;
			children = (
				E0EF52A3252278E5003213BE /* AppDelegate.swift */,
				E0EF52A5252278E5003213BE /* SceneDelegate.swift */,
				E0EF52A7252278E5003213BE /* ViewController.swift */,
				E0EF52A9252278E5003213BE /* Main.storyboard */,
				E0EF52AC252278E9003213BE /* Assets.xcassets */,
				E0EF52AE252278E9003213BE /* LaunchScreen.storyboard */,
				E0EF52B1252278E9003213BE /* Info.plist */,
			);
			path = flixster;
			sourceTree = "<group>";
		};
		E0EF52B9252278E9003213BE /* flixsterTests */ = {
			isa = PBXGroup;
			children = (
				E0EF52BA252278E9003213BE /* flixsterTests.swift */,
				E0EF52BC252278E9003213BE /* Info.plist */,
			);
			path = flixsterTests;
			sourceTree = "<group>";
		};
		E0EF52C4252278E9003213BE /* flixsterUITests */ = {
			isa = PBXGroup;
			children = (
				E0EF52C5252278E9003213BE /* flixsterUITests.swift */,
				E0EF52C7252278E9003213BE /* Info.plist */,
			);
			path = flixsterUITests;
			sourceTree = "<group>";
		};
/* End PBXGroup section */

/* Begin PBXNativeTarget section */
		E0EF529F252278E5003213BE /* flixster */ = {
			isa = PBXNativeTarget;
			buildConfigurationList = E0EF52CA252278E9003213BE /* Build configuration list for PBXNativeTarget "flixster" */;
			buildPhases = (
				E0EF529C252278E5003213BE /* Sources */,
				E0EF529D252278E5003213BE /* Frameworks */,
				E0EF529E252278E5003213BE /* Resources */,
			);
			buildRules = (
			);
			dependencies = (
			);
			name = flixster;
			productName = flixster;
			productReference = E0EF52A0252278E5003213BE /* flixster.app */;
			productType = "com.apple.product-type.application";
		};
		E0EF52B5252278E9003213BE /* flixsterTests */ = {
			isa = PBXNativeTarget;
			buildConfigurationList = E0EF52CD252278E9003213BE /* Build configuration list for PBXNativeTarget "flixsterTests" */;
			buildPhases = (
				E0EF52B2252278E9003213BE /* Sources */,
				E0EF52B3252278E9003213BE /* Frameworks */,
				E0EF52B4252278E9003213BE /* Resources */,
			);
			buildRules = (
			);
			dependencies = (
				E0EF52B8252278E9003213BE /* PBXTargetDependency */,
			);
			name = flixsterTests;
			productName = flixsterTests;
			productReference = E0EF52B6252278E9003213BE /* flixsterTests.xctest */;
			productType = "com.apple.product-type.bundle.unit-test";
		};
		E0EF52C0252278E9003213BE /* flixsterUITests */ = {
			isa = PBXNativeTarget;
			buildConfigurationList = E0EF52D0252278E9003213BE /* Build configuration list for PBXNativeTarget "flixsterUITests" */;
			buildPhases = (
				E0EF52BD252278E9003213BE /* Sources */,
				E0EF52BE252278E9003213BE /* Frameworks */,
				E0EF52BF252278E9003213BE /* Resources */,
			);
			buildRules = (
			);
			dependencies = (
				E0EF52C3252278E9003213BE /* PBXTargetDependency */,
			);
			name = flixsterUITests;
			productName = flixsterUITests;
			productReference = E0EF52C1252278E9003213BE /* flixsterUITests.xctest */;
			productType = "com.apple.product-type.bundle.ui-testing";
		};
/* End PBXNativeTarget section */

/* Begin PBXProject section */
		E0EF5298252278E5003213BE /* Project object */ = {
			isa = PBXProject;
			attributes = {
				LastSwiftUpdateCheck = 1170;
				LastUpgradeCheck = 1170;
				ORGANIZATIONNAME = thuyck;
				TargetAttributes = {
					E0EF529F252278E5003213BE = {
						CreatedOnToolsVersion = 11.7;
					};
					E0EF52B5252278E9003213BE = {
						CreatedOnToolsVersion = 11.7;
						TestTargetID = E0EF529F252278E5003213BE;
					};
					E0EF52C0252278E9003213BE = {
						CreatedOnToolsVersion = 11.7;
						TestTargetID = E0EF529F252278E5003213BE;
					};
				};
			};
			buildConfigurationList = E0EF529B252278E5003213BE /* Build configuration list for PBXProject "flixster" */;
			compatibilityVersion = "Xcode 9.3";
			developmentRegion = en;
			hasScannedForEncodings = 0;
			knownRegions = (
				en,
				Base,
			);
			mainGroup = E0EF5297252278E5003213BE;
			productRefGroup = E0EF52A1252278E5003213BE /* Products */;
			projectDirPath = "";
			projectRoot = "";
			targets = (
				E0EF529F252278E5003213BE /* flixster */,
				E0EF52B5252278E9003213BE /* flixsterTests */,
				E0EF52C0252278E9003213BE /* flixsterUITests */,
			);
		};
/* End PBXProject section */

/* Begin PBXResourcesBuildPhase section */
		E0EF529E252278E5003213BE /* Resources */ = {
			isa = PBXResourcesBuildPhase;
			buildActionMask = 2147483647;
			files = (
				E0EF52B0252278E9003213BE /* LaunchScreen.storyboard in Resources */,
				E0EF52AD252278E9003213BE /* Assets.xcassets in Resources */,
				E0EF52AB252278E5003213BE /* Main.storyboard in Resources */,
			);
			runOnlyForDeploymentPostprocessing = 0;
		};
		E0EF52B4252278E9003213BE /* Resources */ = {
			isa = PBXResourcesBuildPhase;
			buildActionMask = 2147483647;
			files = (
			);
			runOnlyForDeploymentPostprocessing = 0;
		};
		E0EF52BF252278E9003213BE /* Resources */ = {
			isa = PBXResourcesBuildPhase;
			buildActionMask = 2147483647;
			files = (
			);
			runOnlyForDeploymentPostprocessing = 0;
		};
/* End PBXResourcesBuildPhase section */

/* Begin PBXSourcesBuildPhase section */
		E0EF529C252278E5003213BE /* Sources */ = {
			isa = PBXSourcesBuildPhase;
			buildActionMask = 2147483647;
			files = (
				E0EF52A8252278E5003213BE /* ViewController.swift in Sources */,
				E0EF52A4252278E5003213BE /* AppDelegate.swift in Sources */,
				E0EF52A6252278E5003213BE /* SceneDelegate.swift in Sources */,
			);
			runOnlyForDeploymentPostprocessing = 0;
		};
		E0EF52B2252278E9003213BE /* Sources */ = {
			isa = PBXSourcesBuildPhase;
			buildActionMask = 2147483647;
			files = (
				E0EF52BB252278E9003213BE /* flixsterTests.swift in Sources */,
			);
			runOnlyForDeploymentPostprocessing = 0;
		};
		E0EF52BD252278E9003213BE /* Sources */ = {
			isa = PBXSourcesBuildPhase;
			buildActionMask = 2147483647;
			files = (
				E0EF52C6252278E9003213BE /* flixsterUITests.swift in Sources */,
			);
			runOnlyForDeploymentPostprocessing = 0;
		};
/* End PBXSourcesBuildPhase section */

/* Begin PBXTargetDependency section */
		E0EF52B8252278E9003213BE /* PBXTargetDependency */ = {
			isa = PBXTargetDependency;
			target = E0EF529F252278E5003213BE /* flixster */;
			targetProxy = E0EF52B7252278E9003213BE /* PBXContainerItemProxy */;
		};
		E0EF52C3252278E9003213BE /* PBXTargetDependency */ = {
			isa = PBXTargetDependency;
			target = E0EF529F252278E5003213BE /* flixster */;
			targetProxy = E0EF52C2252278E9003213BE /* PBXContainerItemProxy */;
		};
/* End PBXTargetDependency section */

/* Begin PBXVariantGroup section */
		E0EF52A9252278E5003213BE /* Main.storyboard */ = {
			isa = PBXVariantGroup;
			children = (
				E0EF52AA252278E5003213BE /* Base */,
			);
			name = Main.storyboard;
			sourceTree = "<group>";
		};
		E0EF52AE252278E9003213BE /* LaunchScreen.storyboard */ = {
			isa = PBXVariantGroup;
			children = (
				E0EF52AF252278E9003213BE /* Base */,
			);
			name = LaunchScreen.storyboard;
			sourceTree = "<group>";
		};
/* End PBXVariantGroup section */

/* Begin XCBuildConfiguration section */
		E0EF52C8252278E9003213BE /* Debug */ = {
			isa = XCBuildConfiguration;
			buildSettings = {
				ALWAYS_SEARCH_USER_PATHS = NO;
				CLANG_ANALYZER_NONNULL = YES;
				CLANG_ANALYZER_NUMBER_OBJECT_CONVERSION = YES_AGGRESSIVE;
				CLANG_CXX_LANGUAGE_STANDARD = "gnu++14";
				CLANG_CXX_LIBRARY = "libc++";
				CLANG_ENABLE_MODULES = YES;
				CLANG_ENABLE_OBJC_ARC = YES;
				CLANG_ENABLE_OBJC_WEAK = YES;
				CLANG_WARN_BLOCK_CAPTURE_AUTORELEASING = YES;
				CLANG_WARN_BOOL_CONVERSION = YES;
				CLANG_WARN_COMMA = YES;
				CLANG_WARN_CONSTANT_CONVERSION = YES;
				CLANG_WARN_DEPRECATED_OBJC_IMPLEMENTATIONS = YES;
				CLANG_WARN_DIRECT_OBJC_ISA_USAGE = YES_ERROR;
				CLANG_WARN_DOCUMENTATION_COMMENTS = YES;
				CLANG_WARN_EMPTY_BODY = YES;
				CLANG_WARN_ENUM_CONVERSION = YES;
				CLANG_WARN_INFINITE_RECURSION = YES;
				CLANG_WARN_INT_CONVERSION = YES;
				CLANG_WARN_NON_LITERAL_NULL_CONVERSION = YES;
				CLANG_WARN_OBJC_IMPLICIT_RETAIN_SELF = YES;
				CLANG_WARN_OBJC_LITERAL_CONVERSION = YES;
				CLANG_WARN_OBJC_ROOT_CLASS = YES_ERROR;
				CLANG_WARN_RANGE_LOOP_ANALYSIS = YES;
				CLANG_WARN_STRICT_PROTOTYPES = YES;
				CLANG_WARN_SUSPICIOUS_MOVE = YES;
				CLANG_WARN_UNGUARDED_AVAILABILITY = YES_AGGRESSIVE;
				CLANG_WARN_UNREACHABLE_CODE = YES;
				CLANG_WARN__DUPLICATE_METHOD_MATCH = YES;
				COPY_PHASE_STRIP = NO;
				DEBUG_INFORMATION_FORMAT = dwarf;
				ENABLE_STRICT_OBJC_MSGSEND = YES;
				ENABLE_TESTABILITY = YES;
				GCC_C_LANGUAGE_STANDARD = gnu11;
				GCC_DYNAMIC_NO_PIC = NO;
				GCC_NO_COMMON_BLOCKS = YES;
				GCC_OPTIMIZATION_LEVEL = 0;
				GCC_PREPROCESSOR_DEFINITIONS = (
					"DEBUG=1",
					"$(inherited)",
				);
				GCC_WARN_64_TO_32_BIT_CONVERSION = YES;
				GCC_WARN_ABOUT_RETURN_TYPE = YES_ERROR;
				GCC_WARN_UNDECLARED_SELECTOR = YES;
				GCC_WARN_UNINITIALIZED_AUTOS = YES_AGGRESSIVE;
				GCC_WARN_UNUSED_FUNCTION = YES;
				GCC_WARN_UNUSED_VARIABLE = YES;
				IPHONEOS_DEPLOYMENT_TARGET = 13.7;
				MTL_ENABLE_DEBUG_INFO = INCLUDE_SOURCE;
				MTL_FAST_MATH = YES;
				ONLY_ACTIVE_ARCH = YES;
				SDKROOT = iphoneos;
				SWIFT_ACTIVE_COMPILATION_CONDITIONS = DEBUG;
				SWIFT_OPTIMIZATION_LEVEL = "-Onone";
			};
			name = Debug;
		};
		E0EF52C9252278E9003213BE /* Release */ = {
			isa = XCBuildConfiguration;
			buildSettings = {
				ALWAYS_SEARCH_USER_PATHS = NO;
				CLANG_ANALYZER_NONNULL = YES;
				CLANG_ANALYZER_NUMBER_OBJECT_CONVERSION = YES_AGGRESSIVE;
				CLANG_CXX_LANGUAGE_STANDARD = "gnu++14";
				CLANG_CXX_LIBRARY = "libc++";
				CLANG_ENABLE_MODULES = YES;
				CLANG_ENABLE_OBJC_ARC = YES;
				CLANG_ENABLE_OBJC_WEAK = YES;
				CLANG_WARN_BLOCK_CAPTURE_AUTORELEASING = YES;
				CLANG_WARN_BOOL_CONVERSION = YES;
				CLANG_WARN_COMMA = YES;
				CLANG_WARN_CONSTANT_CONVERSION = YES;
				CLANG_WARN_DEPRECATED_OBJC_IMPLEMENTATIONS = YES;
				CLANG_WARN_DIRECT_OBJC_ISA_USAGE = YES_ERROR;
				CLANG_WARN_DOCUMENTATION_COMMENTS = YES;
				CLANG_WARN_EMPTY_BODY = YES;
				CLANG_WARN_ENUM_CONVERSION = YES;
				CLANG_WARN_INFINITE_RECURSION = YES;
				CLANG_WARN_INT_CONVERSION = YES;
				CLANG_WARN_NON_LITERAL_NULL_CONVERSION = YES;
				CLANG_WARN_OBJC_IMPLICIT_RETAIN_SELF = YES;
				CLANG_WARN_OBJC_LITERAL_CONVERSION = YES;
				CLANG_WARN_OBJC_ROOT_CLASS = YES_ERROR;
				CLANG_WARN_RANGE_LOOP_ANALYSIS = YES;
				CLANG_WARN_STRICT_PROTOTYPES = YES;
				CLANG_WARN_SUSPICIOUS_MOVE = YES;
				CLANG_WARN_UNGUARDED_AVAILABILITY = YES_AGGRESSIVE;
				CLANG_WARN_UNREACHABLE_CODE = YES;
				CLANG_WARN__DUPLICATE_METHOD_MATCH = YES;
				COPY_PHASE_STRIP = NO;
				DEBUG_INFORMATION_FORMAT = "dwarf-with-dsym";
				ENABLE_NS_ASSERTIONS = NO;
				ENABLE_STRICT_OBJC_MSGSEND = YES;
				GCC_C_LANGUAGE_STANDARD = gnu11;
				GCC_NO_COMMON_BLOCKS = YES;
				GCC_WARN_64_TO_32_BIT_CONVERSION = YES;
				GCC_WARN_ABOUT_RETURN_TYPE = YES_ERROR;
				GCC_WARN_UNDECLARED_SELECTOR = YES;
				GCC_WARN_UNINITIALIZED_AUTOS = YES_AGGRESSIVE;
				GCC_WARN_UNUSED_FUNCTION = YES;
				GCC_WARN_UNUSED_VARIABLE = YES;
				IPHONEOS_DEPLOYMENT_TARGET = 13.7;
				MTL_ENABLE_DEBUG_INFO = NO;
				MTL_FAST_MATH = YES;
				SDKROOT = iphoneos;
				SWIFT_COMPILATION_MODE = wholemodule;
				SWIFT_OPTIMIZATION_LEVEL = "-O";
				VALIDATE_PRODUCT = YES;
			};
			name = Release;
		};
		E0EF52CB252278E9003213BE /* Debug */ = {
			isa = XCBuildConfiguration;
			buildSettings = {
				ASSETCATALOG_COMPILER_APPICON_NAME = AppIcon;
				CODE_SIGN_STYLE = Automatic;
				INFOPLIST_FILE = flixster/Info.plist;
				LD_RUNPATH_SEARCH_PATHS = (
					"$(inherited)",
					"@executable_path/Frameworks",
				);
				PRODUCT_BUNDLE_IDENTIFIER = thuyck.flixster;
				PRODUCT_NAME = "$(TARGET_NAME)";
				SWIFT_VERSION = 5.0;
				TARGETED_DEVICE_FAMILY = "1,2";
			};
			name = Debug;
		};
		E0EF52CC252278E9003213BE /* Release */ = {
			isa = XCBuildConfiguration;
			buildSettings = {
				ASSETCATALOG_COMPILER_APPICON_NAME = AppIcon;
				CODE_SIGN_STYLE = Automatic;
				INFOPLIST_FILE = flixster/Info.plist;
				LD_RUNPATH_SEARCH_PATHS = (
					"$(inherited)",
					"@executable_path/Frameworks",
				);
				PRODUCT_BUNDLE_IDENTIFIER = thuyck.flixster;
				PRODUCT_NAME = "$(TARGET_NAME)";
				SWIFT_VERSION = 5.0;
				TARGETED_DEVICE_FAMILY = "1,2";
			};
			name = Release;
		};
		E0EF52CE252278E9003213BE /* Debug */ = {
			isa = XCBuildConfiguration;
			buildSettings = {
				ALWAYS_EMBED_SWIFT_STANDARD_LIBRARIES = YES;
				BUNDLE_LOADER = "$(TEST_HOST)";
				CODE_SIGN_STYLE = Automatic;
				INFOPLIST_FILE = flixsterTests/Info.plist;
				IPHONEOS_DEPLOYMENT_TARGET = 13.7;
				LD_RUNPATH_SEARCH_PATHS = (
					"$(inherited)",
					"@executable_path/Frameworks",
					"@loader_path/Frameworks",
				);
				PRODUCT_BUNDLE_IDENTIFIER = thuyck.flixsterTests;
				PRODUCT_NAME = "$(TARGET_NAME)";
				SWIFT_VERSION = 5.0;
				TARGETED_DEVICE_FAMILY = "1,2";
				TEST_HOST = "$(BUILT_PRODUCTS_DIR)/flixster.app/flixster";
			};
			name = Debug;
		};
		E0EF52CF252278E9003213BE /* Release */ = {
			isa = XCBuildConfiguration;
			buildSettings = {
				ALWAYS_EMBED_SWIFT_STANDARD_LIBRARIES = YES;
				BUNDLE_LOADER = "$(TEST_HOST)";
				CODE_SIGN_STYLE = Automatic;
				INFOPLIST_FILE = flixsterTests/Info.plist;
				IPHONEOS_DEPLOYMENT_TARGET = 13.7;
				LD_RUNPATH_SEARCH_PATHS = (
					"$(inherited)",
					"@executable_path/Frameworks",
					"@loader_path/Frameworks",
				);
				PRODUCT_BUNDLE_IDENTIFIER = thuyck.flixsterTests;
				PRODUCT_NAME = "$(TARGET_NAME)";
				SWIFT_VERSION = 5.0;
				TARGETED_DEVICE_FAMILY = "1,2";
				TEST_HOST = "$(BUILT_PRODUCTS_DIR)/flixster.app/flixster";
			};
			name = Release;
		};
		E0EF52D1252278E9003213BE /* Debug */ = {
			isa = XCBuildConfiguration;
			buildSettings = {
				ALWAYS_EMBED_SWIFT_STANDARD_LIBRARIES = YES;
				CODE_SIGN_STYLE = Automatic;
				INFOPLIST_FILE = flixsterUITests/Info.plist;
				LD_RUNPATH_SEARCH_PATHS = (
					"$(inherited)",
					"@executable_path/Frameworks",
					"@loader_path/Frameworks",
				);
				PRODUCT_BUNDLE_IDENTIFIER = thuyck.flixsterUITests;
				PRODUCT_NAME = "$(TARGET_NAME)";
				SWIFT_VERSION = 5.0;
				TARGETED_DEVICE_FAMILY = "1,2";
				TEST_TARGET_NAME = flixster;
			};
			name = Debug;
		};
		E0EF52D2252278E9003213BE /* Release */ = {
			isa = XCBuildConfiguration;
			buildSettings = {
				ALWAYS_EMBED_SWIFT_STANDARD_LIBRARIES = YES;
				CODE_SIGN_STYLE = Automatic;
				INFOPLIST_FILE = flixsterUITests/Info.plist;
				LD_RUNPATH_SEARCH_PATHS = (
					"$(inherited)",
					"@executable_path/Frameworks",
					"@loader_path/Frameworks",
				);
				PRODUCT_BUNDLE_IDENTIFIER = thuyck.flixsterUITests;
				PRODUCT_NAME = "$(TARGET_NAME)";
				SWIFT_VERSION = 5.0;
				TARGETED_DEVICE_FAMILY = "1,2";
				TEST_TARGET_NAME = flixster;
			};
			name = Release;
		};
/* End XCBuildConfiguration section */

/* Begin XCConfigurationList section */
		E0EF529B252278E5003213BE /* Build configuration list for PBXProject "flixster" */ = {
			isa = XCConfigurationList;
			buildConfigurations = (
				E0EF52C8252278E9003213BE /* Debug */,
				E0EF52C9252278E9003213BE /* Release */,
			);
			defaultConfigurationIsVisible = 0;
			defaultConfigurationName = Release;
		};
		E0EF52CA252278E9003213BE /* Build configuration list for PBXNativeTarget "flixster" */ = {
			isa = XCConfigurationList;
			buildConfigurations = (
				E0EF52CB252278E9003213BE /* Debug */,
				E0EF52CC252278E9003213BE /* Release */,
			);
			defaultConfigurationIsVisible = 0;
			defaultConfigurationName = Release;
		};
		E0EF52CD252278E9003213BE /* Build configuration list for PBXNativeTarget "flixsterTests" */ = {
			isa = XCConfigurationList;
			buildConfigurations = (
				E0EF52CE252278E9003213BE /* Debug */,
				E0EF52CF252278E9003213BE /* Release */,
			);
			defaultConfigurationIsVisible = 0;
			defaultConfigurationName = Release;
		};
		E0EF52D0252278E9003213BE /* Build configuration list for PBXNativeTarget "flixsterUITests" */ = {
			isa = XCConfigurationList;
			buildConfigurations = (
				E0EF52D1252278E9003213BE /* Debug */,
				E0EF52D2252278E9003213BE /* Release */,
			);
			defaultConfigurationIsVisible = 0;
			defaultConfigurationName = Release;
		};
/* End XCConfigurationList section */
	};
	rootObject = E0EF5298252278E5003213BE /* Project object */;
}
